
Microsoft Visual Studio Solution File, Format Version 12.00
# Visual Studio 14
VisualStudioVersion = 14.0.25123.0
MinimumVisualStudioVersion = 10.0.40219.1
Project("{8BC9CEB8-8B4A-11D0-8D11-00A0C91BC942}") = "Project1", "Project1\Project1.vcxproj", "{C5B53EAA-FA91-471A-846F-8E136557D976}"
EndProject
Project("{8BC9CEB8-8B4A-11D0-8D11-00A0C91BC942}") = "Project2", "Project2\Project2.vcxproj", "{0B59DCCA-B3FC-4539-81C9-544808804D6C}"
EndProject
Project("{8BC9CEB8-8B4A-11D0-8D11-00A0C91BC942}") = "Project3", "Project3\Project3.vcxproj", "{6F71881F-4417-4090-A6D3-DEF96CB0846F}"
EndProject
Project("{8BC9CEB8-8B4A-11D0-8D11-00A0C91BC942}") = "Project4", "Project4\Project4.vcxproj", "{9D661342-A71D-4647-9832-A13E22067C9A}"
EndProject
Project("{8BC9CEB8-8B4A-11D0-8D11-00A0C91BC942}") = "Project5", "Project5\Project5.vcxproj", "{E79B6FD4-10FB-41FC-82AC-C17A68DE3DA7}"
EndProject
Project("{8BC9CEB8-8B4A-11D0-8D11-00A0C91BC942}") = "Project6", "Project6\Project6.vcxproj", "{5F4A2D24-8A45-4AAE-97C5-581EA98DA08C}"
EndProject
Global
	GlobalSection(SolutionConfigurationPlatforms) = preSolution
		Debug|x64 = Debug|x64
		Debug|x86 = Debug|x86
		Release|x64 = Release|x64
		Release|x86 = Release|x86
	EndGlobalSection
	GlobalSection(ProjectConfigurationPlatforms) = postSolution
		{C5B53EAA-FA91-471A-846F-8E136557D976}.Debug|x64.ActiveCfg = Debug|x64
		{C5B53EAA-FA91-471A-846F-8E136557D976}.Debug|x64.Build.0 = Debug|x64
		{C5B53EAA-FA91-471A-846F-8E136557D976}.Debug|x86.ActiveCfg = Debug|Win32
		{C5B53EAA-FA91-471A-846F-8E136557D976}.Debug|x86.Build.0 = Debug|Win32
		{C5B53EAA-FA91-471A-846F-8E136557D976}.Release|x64.ActiveCfg = Release|x64
		{C5B53EAA-FA91-471A-846F-8E136557D976}.Release|x64.Build.0 = Release|x64
		{C5B53EAA-FA91-471A-846F-8E136557D976}.Release|x86.ActiveCfg = Release|Win32
		{C5B53EAA-FA91-471A-846F-8E136557D976}.Release|x86.Build.0 = Release|Win32
		{0B59DCCA-B3FC-4539-81C9-544808804D6C}.Debug|x64.ActiveCfg = Debug|x64
		{0B59DCCA-B3FC-4539-81C9-544808804D6C}.Debug|x64.Build.0 = Debug|x64
		{0B59DCCA-B3FC-4539-81C9-544808804D6C}.Debug|x86.ActiveCfg = Debug|Win32
		{0B59DCCA-B3FC-4539-81C9-544808804D6C}.Debug|x86.Build.0 = Debug|Win32
		{0B59DCCA-B3FC-4539-81C9-544808804D6C}.Release|x64.ActiveCfg = Release|x64
		{0B59DCCA-B3FC-4539-81C9-544808804D6C}.Release|x64.Build.0 = Release|x64
		{0B59DCCA-B3FC-4539-81C9-544808804D6C}.Release|x86.ActiveCfg = Release|Win32
		{0B59DCCA-B3FC-4539-81C9-544808804D6C}.Release|x86.Build.0 = Release|Win32
		{6F71881F-4417-4090-A6D3-DEF96CB0846F}.Debug|x64.ActiveCfg = Debug|x64
		{6F71881F-4417-4090-A6D3-DEF96CB0846F}.Debug|x64.Build.0 = Debug|x64
		{6F71881F-4417-4090-A6D3-DEF96CB0846F}.Debug|x86.ActiveCfg = Debug|Win32
		{6F71881F-4417-4090-A6D3-DEF96CB0846F}.Debug|x86.Build.0 = Debug|Win32
		{6F71881F-4417-4090-A6D3-DEF96CB0846F}.Release|x64.ActiveCfg = Release|x64
		{6F71881F-4417-4090-A6D3-DEF96CB0846F}.Release|x64.Build.0 = Release|x64
		{6F71881F-4417-4090-A6D3-DEF96CB0846F}.Release|x86.ActiveCfg = Release|Win32
		{6F71881F-4417-4090-A6D3-DEF96CB0846F}.Release|x86.Build.0 = Release|Win32
		{9D661342-A71D-4647-9832-A13E22067C9A}.Debug|x64.ActiveCfg = Debug|x64
		{9D661342-A71D-4647-9832-A13E22067C9A}.Debug|x64.Build.0 = Debug|x64
		{9D661342-A71D-4647-9832-A13E22067C9A}.Debug|x86.ActiveCfg = Debug|Win32
		{9D661342-A71D-4647-9832-A13E22067C9A}.Debug|x86.Build.0 = Debug|Win32
		{9D661342-A71D-4647-9832-A13E22067C9A}.Release|x64.ActiveCfg = Release|x64
		{9D661342-A71D-4647-9832-A13E22067C9A}.Release|x64.Build.0 = Release|x64
		{9D661342-A71D-4647-9832-A13E22067C9A}.Release|x86.ActiveCfg = Release|Win32
		{9D661342-A71D-4647-9832-A13E22067C9A}.Release|x86.Build.0 = Release|Win32
		{E79B6FD4-10FB-41FC-82AC-C17A68DE3DA7}.Debug|x64.ActiveCfg = Debug|x64
		{E79B6FD4-10FB-41FC-82AC-C17A68DE3DA7}.Debug|x64.Build.0 = Debug|x64
		{E79B6FD4-10FB-41FC-82AC-C17A68DE3DA7}.Debug|x86.ActiveCfg = Debug|Win32
		{E79B6FD4-10FB-41FC-82AC-C17A68DE3DA7}.Debug|x86.Build.0 = Debug|Win32
		{E79B6FD4-10FB-41FC-82AC-C17A68DE3DA7}.Release|x64.ActiveCfg = Release|x64
		{E79B6FD4-10FB-41FC-82AC-C17A68DE3DA7}.Release|x64.Build.0 = Release|x64
		{E79B6FD4-10FB-41FC-82AC-C17A68DE3DA7}.Release|x86.ActiveCfg = Release|Win32
		{E79B6FD4-10FB-41FC-82AC-C17A68DE3DA7}.Release|x86.Build.0 = Release|Win32
		{5F4A2D24-8A45-4AAE-97C5-581EA98DA08C}.Debug|x64.ActiveCfg = Debug|x64
		{5F4A2D24-8A45-4AAE-97C5-581EA98DA08C}.Debug|x64.Build.0 = Debug|x64
		{5F4A2D24-8A45-4AAE-97C5-581EA98DA08C}.Debug|x86.ActiveCfg = Debug|Win32
		{5F4A2D24-8A45-4AAE-97C5-581EA98DA08C}.Debug|x86.Build.0 = Debug|Win32
		{5F4A2D24-8A45-4AAE-97C5-581EA98DA08C}.Release|x64.ActiveCfg = Release|x64
		{5F4A2D24-8A45-4AAE-97C5-581EA98DA08C}.Release|x64.Build.0 = Release|x64
		{5F4A2D24-8A45-4AAE-97C5-581EA98DA08C}.Release|x86.ActiveCfg = Release|Win32
		{5F4A2D24-8A45-4AAE-97C5-581EA98DA08C}.Release|x86.Build.0 = Release|Win32
	EndGlobalSection
	GlobalSection(SolutionProperties) = preSolution
		HideSolutionNode = FALSE
	EndGlobalSection
EndGlobal
